
Microsoft Visual Studio Solution File, Format Version 12.00
# Visual Studio Version 16
VisualStudioVersion = 16.0.29920.165
MinimumVisualStudioVersion = 10.0.40219.1
Project("{888888A0-9F3D-457C-B088-3A5042F75D52}") = "modul5_kel32", "modul5_kel32\modul5_kel32.pyproj", "{CB91A192-8F99-42CB-A3FB-F0051798A487}"
EndProject
Global
	GlobalSection(SolutionConfigurationPlatforms) = preSolution
		Debug|Any CPU = Debug|Any CPU
		Release|Any CPU = Release|Any CPU
	EndGlobalSection
	GlobalSection(ProjectConfigurationPlatforms) = postSolution
		{CB91A192-8F99-42CB-A3FB-F0051798A487}.Debug|Any CPU.ActiveCfg = Debug|Any CPU
		{CB91A192-8F99-42CB-A3FB-F0051798A487}.Release|Any CPU.ActiveCfg = Release|Any CPU
	EndGlobalSection
	GlobalSection(SolutionProperties) = preSolution
		HideSolutionNode = FALSE
	EndGlobalSection
	GlobalSection(ExtensibilityGlobals) = postSolution
		SolutionGuid = {4D8A65F2-40B1-4BBA-9A09-71869A2B354D}
	EndGlobalSection
EndGlobal
